// !$*UTF8*$!
{
	archiveVersion = 1;
	classes = {
	};
	objectVersion = 46;
	objects = {

/* Begin PBXBuildFile section */
		C42799D11DEC3224008CB4BC /* UIButon+Extension.swift in Sources */ = {isa = PBXBuildFile; fileRef = C42799D01DEC3224008CB4BC /* UIButon+Extension.swift */; };
		C44F571A1DE6F7AF00106815 /* AppDelegate.swift in Sources */ = {isa = PBXBuildFile; fileRef = C44F57191DE6F7AF00106815 /* AppDelegate.swift */; };
		C44F571C1DE6F7AF00106815 /* ViewController.swift in Sources */ = {isa = PBXBuildFile; fileRef = C44F571B1DE6F7AF00106815 /* ViewController.swift */; };
		C44F571F1DE6F7AF00106815 /* Main.storyboard in Resources */ = {isa = PBXBuildFile; fileRef = C44F571D1DE6F7AF00106815 /* Main.storyboard */; };
		C44F57211DE6F7AF00106815 /* Assets.xcassets in Resources */ = {isa = PBXBuildFile; fileRef = C44F57201DE6F7AF00106815 /* Assets.xcassets */; };
		C44F57241DE6F7AF00106815 /* LaunchScreen.storyboard in Resources */ = {isa = PBXBuildFile; fileRef = C44F57221DE6F7AF00106815 /* LaunchScreen.storyboard */; };
		C44F572F1DE6F7AF00106815 /* Extension_Swift3_0Tests.swift in Sources */ = {isa = PBXBuildFile; fileRef = C44F572E1DE6F7AF00106815 /* Extension_Swift3_0Tests.swift */; };
		C44F573A1DE6F7AF00106815 /* Extension_Swift3_0UITests.swift in Sources */ = {isa = PBXBuildFile; fileRef = C44F57391DE6F7AF00106815 /* Extension_Swift3_0UITests.swift */; };
		C44F57491DE6FC4600106815 /* DataType+Extension.swift in Sources */ = {isa = PBXBuildFile; fileRef = C44F57481DE6FC4600106815 /* DataType+Extension.swift */; };
		C48DE5CE1DF7F5C3002CE702 /* UIImage+Scale.swift in Sources */ = {isa = PBXBuildFile; fileRef = C48DE5CD1DF7F5C3002CE702 /* UIImage+Scale.swift */; };
		C4A303B61DF1779200705D76 /* UIDevice+Extension.swift in Sources */ = {isa = PBXBuildFile; fileRef = C4A303B51DF1779200705D76 /* UIDevice+Extension.swift */; };
		C4C6B2141DEC1C9B007F0478 /* String+Extension.swift in Sources */ = {isa = PBXBuildFile; fileRef = C4C6B2131DEC1C9B007F0478 /* String+Extension.swift */; };
		C4EF4A131DF00D1E00CE6E13 /* UIImage+Tint.swift in Sources */ = {isa = PBXBuildFile; fileRef = C4EF4A121DF00D1E00CE6E13 /* UIImage+Tint.swift */; };
		C4EF4A151DF00FB000CE6E13 /* UIImage+Extension.swift in Sources */ = {isa = PBXBuildFile; fileRef = C4EF4A141DF00FB000CE6E13 /* UIImage+Extension.swift */; };
		C4EF4A171DF012DF00CE6E13 /* userIcon.png in Resources */ = {isa = PBXBuildFile; fileRef = C4EF4A161DF012DF00CE6E13 /* userIcon.png */; };
/* End PBXBuildFile section */

/* Begin PBXContainerItemProxy section */
		C44F572B1DE6F7AF00106815 /* PBXContainerItemProxy */ = {
			isa = PBXContainerItemProxy;
			containerPortal = C44F570E1DE6F7AF00106815 /* Project object */;
			proxyType = 1;
			remoteGlobalIDString = C44F57151DE6F7AF00106815;
			remoteInfo = "Extension-Swift3.0";
		};
		C44F57361DE6F7AF00106815 /* PBXContainerItemProxy */ = {
			isa = PBXContainerItemProxy;
			containerPortal = C44F570E1DE6F7AF00106815 /* Project object */;
			proxyType = 1;
			remoteGlobalIDString = C44F57151DE6F7AF00106815;
			remoteInfo = "Extension-Swift3.0";
		};
/* End PBXContainerItemProxy section */

/* Begin PBXFileReference section */
		C42799D01DEC3224008CB4BC /* UIButon+Extension.swift */ = {isa = PBXFileReference; fileEncoding = 4; lastKnownFileType = sourcecode.swift; path = "UIButon+Extension.swift"; sourceTree = "<group>"; };
		C44F57161DE6F7AF00106815 /* Extension-Swift3.0.app */ = {isa = PBXFileReference; explicitFileType = wrapper.application; includeInIndex = 0; path = "Extension-Swift3.0.app"; sourceTree = BUILT_PRODUCTS_DIR; };
		C44F57191DE6F7AF00106815 /* AppDelegate.swift */ = {isa = PBXFileReference; lastKnownFileType = sourcecode.swift; path = AppDelegate.swift; sourceTree = "<group>"; };
		C44F571B1DE6F7AF00106815 /* ViewController.swift */ = {isa = PBXFileReference; lastKnownFileType = sourcecode.swift; path = ViewController.swift; sourceTree = "<group>"; };
		C44F571E1DE6F7AF00106815 /* Base */ = {isa = PBXFileReference; lastKnownFileType = file.storyboard; name = Base; path = Base.lproj/Main.storyboard; sourceTree = "<group>"; };
		C44F57201DE6F7AF00106815 /* Assets.xcassets */ = {isa = PBXFileReference; lastKnownFileType = folder.assetcatalog; path = Assets.xcassets; sourceTree = "<group>"; };
		C44F57231DE6F7AF00106815 /* Base */ = {isa = PBXFileReference; lastKnownFileType = file.storyboard; name = Base; path = Base.lproj/LaunchScreen.storyboard; sourceTree = "<group>"; };
		C44F57251DE6F7AF00106815 /* Info.plist */ = {isa = PBXFileReference; lastKnownFileType = text.plist.xml; path = Info.plist; sourceTree = "<group>"; };
		C44F572A1DE6F7AF00106815 /* Extension-Swift3.0Tests.xctest */ = {isa = PBXFileReference; explicitFileType = wrapper.cfbundle; includeInIndex = 0; path = "Extension-Swift3.0Tests.xctest"; sourceTree = BUILT_PRODUCTS_DIR; };
		C44F572E1DE6F7AF00106815 /* Extension_Swift3_0Tests.swift */ = {isa = PBXFileReference; lastKnownFileType = sourcecode.swift; path = Extension_Swift3_0Tests.swift; sourceTree = "<group>"; };
		C44F57301DE6F7AF00106815 /* Info.plist */ = {isa = PBXFileReference; lastKnownFileType = text.plist.xml; path = Info.plist; sourceTree = "<group>"; };
		C44F57351DE6F7AF00106815 /* Extension-Swift3.0UITests.xctest */ = {isa = PBXFileReference; explicitFileType = wrapper.cfbundle; includeInIndex = 0; path = "Extension-Swift3.0UITests.xctest"; sourceTree = BUILT_PRODUCTS_DIR; };
		C44F57391DE6F7AF00106815 /* Extension_Swift3_0UITests.swift */ = {isa = PBXFileReference; lastKnownFileType = sourcecode.swift; path = Extension_Swift3_0UITests.swift; sourceTree = "<group>"; };
		C44F573B1DE6F7AF00106815 /* Info.plist */ = {isa = PBXFileReference; lastKnownFileType = text.plist.xml; path = Info.plist; sourceTree = "<group>"; };
		C44F57481DE6FC4600106815 /* DataType+Extension.swift */ = {isa = PBXFileReference; fileEncoding = 4; lastKnownFileType = sourcecode.swift; path = "DataType+Extension.swift"; sourceTree = "<group>"; };
		C48DE5CD1DF7F5C3002CE702 /* UIImage+Scale.swift */ = {isa = PBXFileReference; fileEncoding = 4; lastKnownFileType = sourcecode.swift; path = "UIImage+Scale.swift"; sourceTree = "<group>"; };
		C4A303B51DF1779200705D76 /* UIDevice+Extension.swift */ = {isa = PBXFileReference; fileEncoding = 4; lastKnownFileType = sourcecode.swift; path = "UIDevice+Extension.swift"; sourceTree = "<group>"; };
		C4C6B2131DEC1C9B007F0478 /* String+Extension.swift */ = {isa = PBXFileReference; fileEncoding = 4; lastKnownFileType = sourcecode.swift; path = "String+Extension.swift"; sourceTree = "<group>"; };
		C4EF4A121DF00D1E00CE6E13 /* UIImage+Tint.swift */ = {isa = PBXFileReference; fileEncoding = 4; lastKnownFileType = sourcecode.swift; path = "UIImage+Tint.swift"; sourceTree = "<group>"; };
		C4EF4A141DF00FB000CE6E13 /* UIImage+Extension.swift */ = {isa = PBXFileReference; fileEncoding = 4; lastKnownFileType = sourcecode.swift; path = "UIImage+Extension.swift"; sourceTree = "<group>"; };
		C4EF4A161DF012DF00CE6E13 /* userIcon.png */ = {isa = PBXFileReference; lastKnownFileType = image.png; path = userIcon.png; sourceTree = "<group>"; };
		C4EF4A181DF0294A00CE6E13 /* bridge.h */ = {isa = PBXFileReference; lastKnownFileType = sourcecode.c.h; path = bridge.h; sourceTree = "<group>"; };
/* End PBXFileReference section */

/* Begin PBXFrameworksBuildPhase section */
		C44F57131DE6F7AF00106815 /* Frameworks */ = {
			isa = PBXFrameworksBuildPhase;
			buildActionMask = 2147483647;
			files = (
			);
			runOnlyForDeploymentPostprocessing = 0;
		};
		C44F57271DE6F7AF00106815 /* Frameworks */ = {
			isa = PBXFrameworksBuildPhase;
			buildActionMask = 2147483647;
			files = (
			);
			runOnlyForDeploymentPostprocessing = 0;
		};
		C44F57321DE6F7AF00106815 /* Frameworks */ = {
			isa = PBXFrameworksBuildPhase;
			buildActionMask = 2147483647;
			files = (
			);
			runOnlyForDeploymentPostprocessing = 0;
		};
/* End PBXFrameworksBuildPhase section */

/* Begin PBXGroup section */
		C44F570D1DE6F7AF00106815 = {
			isa = PBXGroup;
			children = (
				C44F57181DE6F7AF00106815 /* Extension-Swift3.0 */,
				C44F572D1DE6F7AF00106815 /* Extension-Swift3.0Tests */,
				C44F57381DE6F7AF00106815 /* Extension-Swift3.0UITests */,
				C44F57171DE6F7AF00106815 /* Products */,
			);
			sourceTree = "<group>";
		};
		C44F57171DE6F7AF00106815 /* Products */ = {
			isa = PBXGroup;
			children = (
				C44F57161DE6F7AF00106815 /* Extension-Swift3.0.app */,
				C44F572A1DE6F7AF00106815 /* Extension-Swift3.0Tests.xctest */,
				C44F57351DE6F7AF00106815 /* Extension-Swift3.0UITests.xctest */,
			);
			name = Products;
			sourceTree = "<group>";
		};
		C44F57181DE6F7AF00106815 /* Extension-Swift3.0 */ = {
			isa = PBXGroup;
			children = (
				C44F57471DE6F7CB00106815 /* Extension */,
				C44F57191DE6F7AF00106815 /* AppDelegate.swift */,
				C44F571B1DE6F7AF00106815 /* ViewController.swift */,
				C44F571D1DE6F7AF00106815 /* Main.storyboard */,
				C4EF4A161DF012DF00CE6E13 /* userIcon.png */,
				C44F57201DE6F7AF00106815 /* Assets.xcassets */,
				C44F57221DE6F7AF00106815 /* LaunchScreen.storyboard */,
				C44F57251DE6F7AF00106815 /* Info.plist */,
				C4EF4A181DF0294A00CE6E13 /* bridge.h */,
			);
			path = "Extension-Swift3.0";
			sourceTree = "<group>";
		};
		C44F572D1DE6F7AF00106815 /* Extension-Swift3.0Tests */ = {
			isa = PBXGroup;
			children = (
				C44F572E1DE6F7AF00106815 /* Extension_Swift3_0Tests.swift */,
				C44F57301DE6F7AF00106815 /* Info.plist */,
			);
			path = "Extension-Swift3.0Tests";
			sourceTree = "<group>";
		};
		C44F57381DE6F7AF00106815 /* Extension-Swift3.0UITests */ = {
			isa = PBXGroup;
			children = (
				C44F57391DE6F7AF00106815 /* Extension_Swift3_0UITests.swift */,
				C44F573B1DE6F7AF00106815 /* Info.plist */,
			);
			path = "Extension-Swift3.0UITests";
			sourceTree = "<group>";
		};
		C44F57471DE6F7CB00106815 /* Extension */ = {
			isa = PBXGroup;
			children = (
				C4A303B51DF1779200705D76 /* UIDevice+Extension.swift */,
				C44F57481DE6FC4600106815 /* DataType+Extension.swift */,
				C4C6B2131DEC1C9B007F0478 /* String+Extension.swift */,
				C42799D01DEC3224008CB4BC /* UIButon+Extension.swift */,
				C4EF4A121DF00D1E00CE6E13 /* UIImage+Tint.swift */,
				C4EF4A141DF00FB000CE6E13 /* UIImage+Extension.swift */,
				C48DE5CD1DF7F5C3002CE702 /* UIImage+Scale.swift */,
			);
			path = Extension;
			sourceTree = "<group>";
		};
/* End PBXGroup section */

/* Begin PBXNativeTarget section */
		C44F57151DE6F7AF00106815 /* Extension-Swift3.0 */ = {
			isa = PBXNativeTarget;
			buildConfigurationList = C44F573E1DE6F7AF00106815 /* Build configuration list for PBXNativeTarget "Extension-Swift3.0" */;
			buildPhases = (
				C44F57121DE6F7AF00106815 /* Sources */,
				C44F57131DE6F7AF00106815 /* Frameworks */,
				C44F57141DE6F7AF00106815 /* Resources */,
			);
			buildRules = (
			);
			dependencies = (
			);
			name = "Extension-Swift3.0";
			productName = "Extension-Swift3.0";
			productReference = C44F57161DE6F7AF00106815 /* Extension-Swift3.0.app */;
			productType = "com.apple.product-type.application";
		};
		C44F57291DE6F7AF00106815 /* Extension-Swift3.0Tests */ = {
			isa = PBXNativeTarget;
			buildConfigurationList = C44F57411DE6F7AF00106815 /* Build configuration list for PBXNativeTarget "Extension-Swift3.0Tests" */;
			buildPhases = (
				C44F57261DE6F7AF00106815 /* Sources */,
				C44F57271DE6F7AF00106815 /* Frameworks */,
				C44F57281DE6F7AF00106815 /* Resources */,
			);
			buildRules = (
			);
			dependencies = (
				C44F572C1DE6F7AF00106815 /* PBXTargetDependency */,
			);
			name = "Extension-Swift3.0Tests";
			productName = "Extension-Swift3.0Tests";
			productReference = C44F572A1DE6F7AF00106815 /* Extension-Swift3.0Tests.xctest */;
			productType = "com.apple.product-type.bundle.unit-test";
		};
		C44F57341DE6F7AF00106815 /* Extension-Swift3.0UITests */ = {
			isa = PBXNativeTarget;
			buildConfigurationList = C44F57441DE6F7AF00106815 /* Build configuration list for PBXNativeTarget "Extension-Swift3.0UITests" */;
			buildPhases = (
				C44F57311DE6F7AF00106815 /* Sources */,
				C44F57321DE6F7AF00106815 /* Frameworks */,
				C44F57331DE6F7AF00106815 /* Resources */,
			);
			buildRules = (
			);
			dependencies = (
				C44F57371DE6F7AF00106815 /* PBXTargetDependency */,
			);
			name = "Extension-Swift3.0UITests";
			productName = "Extension-Swift3.0UITests";
			productReference = C44F57351DE6F7AF00106815 /* Extension-Swift3.0UITests.xctest */;
			productType = "com.apple.product-type.bundle.ui-testing";
		};
/* End PBXNativeTarget section */

/* Begin PBXProject section */
		C44F570E1DE6F7AF00106815 /* Project object */ = {
			isa = PBXProject;
			attributes = {
				LastSwiftUpdateCheck = 0810;
				LastUpgradeCheck = 0810;
				ORGANIZATIONNAME = Ls;
				TargetAttributes = {
					C44F57151DE6F7AF00106815 = {
						CreatedOnToolsVersion = 8.1;
						ProvisioningStyle = Automatic;
					};
					C44F57291DE6F7AF00106815 = {
						CreatedOnToolsVersion = 8.1;
						ProvisioningStyle = Automatic;
						TestTargetID = C44F57151DE6F7AF00106815;
					};
					C44F57341DE6F7AF00106815 = {
						CreatedOnToolsVersion = 8.1;
						ProvisioningStyle = Automatic;
						TestTargetID = C44F57151DE6F7AF00106815;
					};
				};
			};
			buildConfigurationList = C44F57111DE6F7AF00106815 /* Build configuration list for PBXProject "Extension-Swift3.0" */;
			compatibilityVersion = "Xcode 3.2";
			developmentRegion = English;
			hasScannedForEncodings = 0;
			knownRegions = (
				en,
				Base,
			);
			mainGroup = C44F570D1DE6F7AF00106815;
			productRefGroup = C44F57171DE6F7AF00106815 /* Products */;
			projectDirPath = "";
			projectRoot = "";
			targets = (
				C44F57151DE6F7AF00106815 /* Extension-Swift3.0 */,
				C44F57291DE6F7AF00106815 /* Extension-Swift3.0Tests */,
				C44F57341DE6F7AF00106815 /* Extension-Swift3.0UITests */,
			);
		};
/* End PBXProject section */

/* Begin PBXResourcesBuildPhase section */
		C44F57141DE6F7AF00106815 /* Resources */ = {
			isa = PBXResourcesBuildPhase;
			buildActionMask = 2147483647;
			files = (
				C44F57241DE6F7AF00106815 /* LaunchScreen.storyboard in Resources */,
				C44F57211DE6F7AF00106815 /* Assets.xcassets in Resources */,
				C44F571F1DE6F7AF00106815 /* Main.storyboard in Resources */,
				C4EF4A171DF012DF00CE6E13 /* userIcon.png in Resources */,
			);
			runOnlyForDeploymentPostprocessing = 0;
		};
		C44F57281DE6F7AF00106815 /* Resources */ = {
			isa = PBXResourcesBuildPhase;
			buildActionMask = 2147483647;
			files = (
			);
			runOnlyForDeploymentPostprocessing = 0;
		};
		C44F57331DE6F7AF00106815 /* Resources */ = {
			isa = PBXResourcesBuildPhase;
			buildActionMask = 2147483647;
			files = (
			);
			runOnlyForDeploymentPostprocessing = 0;
		};
/* End PBXResourcesBuildPhase section */

/* Begin PBXSourcesBuildPhase section */
		C44F57121DE6F7AF00106815 /* Sources */ = {
			isa = PBXSourcesBuildPhase;
			buildActionMask = 2147483647;
			files = (
				C4C6B2141DEC1C9B007F0478 /* String+Extension.swift in Sources */,
				C4A303B61DF1779200705D76 /* UIDevice+Extension.swift in Sources */,
				C4EF4A151DF00FB000CE6E13 /* UIImage+Extension.swift in Sources */,
				C44F571C1DE6F7AF00106815 /* ViewController.swift in Sources */,
				C48DE5CE1DF7F5C3002CE702 /* UIImage+Scale.swift in Sources */,
				C44F571A1DE6F7AF00106815 /* AppDelegate.swift in Sources */,
				C42799D11DEC3224008CB4BC /* UIButon+Extension.swift in Sources */,
				C4EF4A131DF00D1E00CE6E13 /* UIImage+Tint.swift in Sources */,
				C44F57491DE6FC4600106815 /* DataType+Extension.swift in Sources */,
			);
			runOnlyForDeploymentPostprocessing = 0;
		};
		C44F57261DE6F7AF00106815 /* Sources */ = {
			isa = PBXSourcesBuildPhase;
			buildActionMask = 2147483647;
			files = (
				C44F572F1DE6F7AF00106815 /* Extension_Swift3_0Tests.swift in Sources */,
			);
			runOnlyForDeploymentPostprocessing = 0;
		};
		C44F57311DE6F7AF00106815 /* Sources */ = {
			isa = PBXSourcesBuildPhase;
			buildActionMask = 2147483647;
			files = (
				C44F573A1DE6F7AF00106815 /* Extension_Swift3_0UITests.swift in Sources */,
			);
			runOnlyForDeploymentPostprocessing = 0;
		};
/* End PBXSourcesBuildPhase section */

/* Begin PBXTargetDependency section */
		C44F572C1DE6F7AF00106815 /* PBXTargetDependency */ = {
			isa = PBXTargetDependency;
			target = C44F57151DE6F7AF00106815 /* Extension-Swift3.0 */;
			targetProxy = C44F572B1DE6F7AF00106815 /* PBXContainerItemProxy */;
		};
		C44F57371DE6F7AF00106815 /* PBXTargetDependency */ = {
			isa = PBXTargetDependency;
			target = C44F57151DE6F7AF00106815 /* Extension-Swift3.0 */;
			targetProxy = C44F57361DE6F7AF00106815 /* PBXContainerItemProxy */;
		};
/* End PBXTargetDependency section */

/* Begin PBXVariantGroup section */
		C44F571D1DE6F7AF00106815 /* Main.storyboard */ = {
			isa = PBXVariantGroup;
			children = (
				C44F571E1DE6F7AF00106815 /* Base */,
			);
			name = Main.storyboard;
			sourceTree = "<group>";
		};
		C44F57221DE6F7AF00106815 /* LaunchScreen.storyboard */ = {
			isa = PBXVariantGroup;
			children = (
				C44F57231DE6F7AF00106815 /* Base */,
			);
			name = LaunchScreen.storyboard;
			sourceTree = "<group>";
		};
/* End PBXVariantGroup section */

/* Begin XCBuildConfiguration section */
		C44F573C1DE6F7AF00106815 /* Debug */ = {
			isa = XCBuildConfiguration;
			buildSettings = {
				ALWAYS_SEARCH_USER_PATHS = NO;
				CLANG_ANALYZER_NONNULL = YES;
				CLANG_CXX_LANGUAGE_STANDARD = "gnu++0x";
				CLANG_CXX_LIBRARY = "libc++";
				CLANG_ENABLE_MODULES = YES;
				CLANG_ENABLE_OBJC_ARC = YES;
				CLANG_WARN_BOOL_CONVERSION = YES;
				CLANG_WARN_CONSTANT_CONVERSION = YES;
				CLANG_WARN_DIRECT_OBJC_ISA_USAGE = YES_ERROR;
				CLANG_WARN_DOCUMENTATION_COMMENTS = YES;
				CLANG_WARN_EMPTY_BODY = YES;
				CLANG_WARN_ENUM_CONVERSION = YES;
				CLANG_WARN_INFINITE_RECURSION = YES;
				CLANG_WARN_INT_CONVERSION = YES;
				CLANG_WARN_OBJC_ROOT_CLASS = YES_ERROR;
				CLANG_WARN_SUSPICIOUS_MOVES = YES;
				CLANG_WARN_UNREACHABLE_CODE = YES;
				CLANG_WARN__DUPLICATE_METHOD_MATCH = YES;
				"CODE_SIGN_IDENTITY[sdk=iphoneos*]" = "iPhone Developer";
				COPY_PHASE_STRIP = NO;
				DEBUG_INFORMATION_FORMAT = dwarf;
				ENABLE_STRICT_OBJC_MSGSEND = YES;
				ENABLE_TESTABILITY = YES;
				GCC_C_LANGUAGE_STANDARD = gnu99;
				GCC_DYNAMIC_NO_PIC = NO;
				GCC_NO_COMMON_BLOCKS = YES;
				GCC_OPTIMIZATION_LEVEL = 0;
				GCC_PREPROCESSOR_DEFINITIONS = (
					"DEBUG=1",
					"$(inherited)",
				);
				GCC_WARN_64_TO_32_BIT_CONVERSION = YES;
				GCC_WARN_ABOUT_RETURN_TYPE = YES_ERROR;
				GCC_WARN_UNDECLARED_SELECTOR = YES;
				GCC_WARN_UNINITIALIZED_AUTOS = YES_AGGRESSIVE;
				GCC_WARN_UNUSED_FUNCTION = YES;
				GCC_WARN_UNUSED_VARIABLE = YES;
				IPHONEOS_DEPLOYMENT_TARGET = 10.1;
				MTL_ENABLE_DEBUG_INFO = YES;
				ONLY_ACTIVE_ARCH = YES;
				SDKROOT = iphoneos;
				SWIFT_ACTIVE_COMPILATION_CONDITIONS = DEBUG;
				SWIFT_OPTIMIZATION_LEVEL = "-Onone";
			};
			name = Debug;
		};
		C44F573D1DE6F7AF00106815 /* Release */ = {
			isa = XCBuildConfiguration;
			buildSettings = {
				ALWAYS_SEARCH_USER_PATHS = NO;
				CLANG_ANALYZER_NONNULL = YES;
				CLANG_CXX_LANGUAGE_STANDARD = "gnu++0x";
				CLANG_CXX_LIBRARY = "libc++";
				CLANG_ENABLE_MODULES = YES;
				CLANG_ENABLE_OBJC_ARC = YES;
				CLANG_WARN_BOOL_CONVERSION = YES;
				CLANG_WARN_CONSTANT_CONVERSION = YES;
				CLANG_WARN_DIRECT_OBJC_ISA_USAGE = YES_ERROR;
				CLANG_WARN_DOCUMENTATION_COMMENTS = YES;
				CLANG_WARN_EMPTY_BODY = YES;
				CLANG_WARN_ENUM_CONVERSION = YES;
				CLANG_WARN_INFINITE_RECURSION = YES;
				CLANG_WARN_INT_CONVERSION = YES;
				CLANG_WARN_OBJC_ROOT_CLASS = YES_ERROR;
				CLANG_WARN_SUSPICIOUS_MOVES = YES;
				CLANG_WARN_UNREACHABLE_CODE = YES;
				CLANG_WARN__DUPLICATE_METHOD_MATCH = YES;
				"CODE_SIGN_IDENTITY[sdk=iphoneos*]" = "iPhone Developer";
				COPY_PHASE_STRIP = NO;
				DEBUG_INFORMATION_FORMAT = "dwarf-with-dsym";
				ENABLE_NS_ASSERTIONS = NO;
				ENABLE_STRICT_OBJC_MSGSEND = YES;
				GCC_C_LANGUAGE_STANDARD = gnu99;
				GCC_NO_COMMON_BLOCKS = YES;
				GCC_WARN_64_TO_32_BIT_CONVERSION = YES;
				GCC_WARN_ABOUT_RETURN_TYPE = YES_ERROR;
				GCC_WARN_UNDECLARED_SELECTOR = YES;
				GCC_WARN_UNINITIALIZED_AUTOS = YES_AGGRESSIVE;
				GCC_WARN_UNUSED_FUNCTION = YES;
				GCC_WARN_UNUSED_VARIABLE = YES;
				IPHONEOS_DEPLOYMENT_TARGET = 10.1;
				MTL_ENABLE_DEBUG_INFO = NO;
				SDKROOT = iphoneos;
				SWIFT_OPTIMIZATION_LEVEL = "-Owholemodule";
				VALIDATE_PRODUCT = YES;
			};
			name = Release;
		};
		C44F573F1DE6F7AF00106815 /* Debug */ = {
			isa = XCBuildConfiguration;
			buildSettings = {
				ASSETCATALOG_COMPILER_APPICON_NAME = AppIcon;
				INFOPLIST_FILE = "Extension-Swift3.0/Info.plist";
				LD_RUNPATH_SEARCH_PATHS = "$(inherited) @executable_path/Frameworks";
				PRODUCT_BUNDLE_IDENTIFIER = "com.sl.Extension-Swift3-0";
				PRODUCT_NAME = "$(TARGET_NAME)";
				SWIFT_OBJC_BRIDGING_HEADER = "Extension-Swift3.0/bridge.h";
				SWIFT_VERSION = 3.0;
			};
			name = Debug;
		};
		C44F57401DE6F7AF00106815 /* Release */ = {
			isa = XCBuildConfiguration;
			buildSettings = {
				ASSETCATALOG_COMPILER_APPICON_NAME = AppIcon;
				INFOPLIST_FILE = "Extension-Swift3.0/Info.plist";
				LD_RUNPATH_SEARCH_PATHS = "$(inherited) @executable_path/Frameworks";
				PRODUCT_BUNDLE_IDENTIFIER = "com.sl.Extension-Swift3-0";
				PRODUCT_NAME = "$(TARGET_NAME)";
				SWIFT_OBJC_BRIDGING_HEADER = "Extension-Swift3.0/bridge.h";
				SWIFT_VERSION = 3.0;
			};
			name = Release;
		};
		C44F57421DE6F7AF00106815 /* Debug */ = {
			isa = XCBuildConfiguration;
			buildSettings = {
				ALWAYS_EMBED_SWIFT_STANDARD_LIBRARIES = YES;
				BUNDLE_LOADER = "$(TEST_HOST)";
				INFOPLIST_FILE = "Extension-Swift3.0Tests/Info.plist";
				LD_RUNPATH_SEARCH_PATHS = "$(inherited) @executable_path/Frameworks @loader_path/Frameworks";
				PRODUCT_BUNDLE_IDENTIFIER = "com.sl.Extension-Swift3-0Tests";
				PRODUCT_NAME = "$(TARGET_NAME)";
				SWIFT_VERSION = 3.0;
				TEST_HOST = "$(BUILT_PRODUCTS_DIR)/Extension-Swift3.0.app/Extension-Swift3.0";
			};
			name = Debug;
		};
		C44F57431DE6F7AF00106815 /* Release */ = {
			isa = XCBuildConfiguration;
			buildSettings = {
				ALWAYS_EMBED_SWIFT_STANDARD_LIBRARIES = YES;
				BUNDLE_LOADER = "$(TEST_HOST)";
				INFOPLIST_FILE = "Extension-Swift3.0Tests/Info.plist";
				LD_RUNPATH_SEARCH_PATHS = "$(inherited) @executable_path/Frameworks @loader_path/Frameworks";
				PRODUCT_BUNDLE_IDENTIFIER = "com.sl.Extension-Swift3-0Tests";
				PRODUCT_NAME = "$(TARGET_NAME)";
				SWIFT_VERSION = 3.0;
				TEST_HOST = "$(BUILT_PRODUCTS_DIR)/Extension-Swift3.0.app/Extension-Swift3.0";
			};
			name = Release;
		};
		C44F57451DE6F7AF00106815 /* Debug */ = {
			isa = XCBuildConfiguration;
			buildSettings = {
				ALWAYS_EMBED_SWIFT_STANDARD_LIBRARIES = YES;
				INFOPLIST_FILE = "Extension-Swift3.0UITests/Info.plist";
				LD_RUNPATH_SEARCH_PATHS = "$(inherited) @executable_path/Frameworks @loader_path/Frameworks";
				PRODUCT_BUNDLE_IDENTIFIER = "com.sl.Extension-Swift3-0UITests";
				PRODUCT_NAME = "$(TARGET_NAME)";
				SWIFT_VERSION = 3.0;
				TEST_TARGET_NAME = "Extension-Swift3.0";
			};
			name = Debug;
		};
		C44F57461DE6F7AF00106815 /* Release */ = {
			isa = XCBuildConfiguration;
			buildSettings = {
				ALWAYS_EMBED_SWIFT_STANDARD_LIBRARIES = YES;
				INFOPLIST_FILE = "Extension-Swift3.0UITests/Info.plist";
				LD_RUNPATH_SEARCH_PATHS = "$(inherited) @executable_path/Frameworks @loader_path/Frameworks";
				PRODUCT_BUNDLE_IDENTIFIER = "com.sl.Extension-Swift3-0UITests";
				PRODUCT_NAME = "$(TARGET_NAME)";
				SWIFT_VERSION = 3.0;
				TEST_TARGET_NAME = "Extension-Swift3.0";
			};
			name = Release;
		};
/* End XCBuildConfiguration section */

/* Begin XCConfigurationList section */
		C44F57111DE6F7AF00106815 /* Build configuration list for PBXProject "Extension-Swift3.0" */ = {
			isa = XCConfigurationList;
			buildConfigurations = (
				C44F573C1DE6F7AF00106815 /* Debug */,
				C44F573D1DE6F7AF00106815 /* Release */,
			);
			defaultConfigurationIsVisible = 0;
			defaultConfigurationName = Release;
		};
		C44F573E1DE6F7AF00106815 /* Build configuration list for PBXNativeTarget "Extension-Swift3.0" */ = {
			isa = XCConfigurationList;
			buildConfigurations = (
				C44F573F1DE6F7AF00106815 /* Debug */,
				C44F57401DE6F7AF00106815 /* Release */,
			);
			defaultConfigurationIsVisible = 0;
			defaultConfigurationName = Release;
		};
		C44F57411DE6F7AF00106815 /* Build configuration list for PBXNativeTarget "Extension-Swift3.0Tests" */ = {
			isa = XCConfigurationList;
			buildConfigurations = (
				C44F57421DE6F7AF00106815 /* Debug */,
				C44F57431DE6F7AF00106815 /* Release */,
			);
			defaultConfigurationIsVisible = 0;
			defaultConfigurationName = Release;
		};
		C44F57441DE6F7AF00106815 /* Build configuration list for PBXNativeTarget "Extension-Swift3.0UITests" */ = {
			isa = XCConfigurationList;
			buildConfigurations = (
				C44F57451DE6F7AF00106815 /* Debug */,
				C44F57461DE6F7AF00106815 /* Release */,
			);
			defaultConfigurationIsVisible = 0;
			defaultConfigurationName = Release;
		};
/* End XCConfigurationList section */
	};
	rootObject = C44F570E1DE6F7AF00106815 /* Project object */;
}
